
Microsoft Visual Studio Solution File, Format Version 12.00
# Visual Studio Version 17
VisualStudioVersion = 17.12.35514.174
MinimumVisualStudioVersion = 10.0.40219.1
Project("{2150E333-8FDC-42A3-9474-1A3956D46DE8}") = "Services", "Services", "{EBDA0B98-DD7F-48F6-B213-FE422A91D963}"
EndProject
Project("{2150E333-8FDC-42A3-9474-1A3956D46DE8}") = "Catalog", "Catalog", "{C6EA7235-F56E-4BB6-8835-391C95A2FA46}"
EndProject
Project("{FAE04EC0-301F-11D3-BF4B-00C04F79EFBC}") = "Catalog.API", "Services\Catalog\Catalog.API\Catalog.API.csproj", "{19A99AD2-5760-4005-BE24-654BF7D04799}"
EndProject
Project("{2150E333-8FDC-42A3-9474-1A3956D46DE8}") = "BuildingBlocks", "BuildingBlocks", "{5F075ED0-D06A-4BAC-9050-851688652DE5}"
EndProject
Project("{FAE04EC0-301F-11D3-BF4B-00C04F79EFBC}") = "BuildingBlocks", "BuildingBlocks\BuildingBlocks\BuildingBlocks.csproj", "{7080E61D-F8C6-4200-B3C5-BC37324F4CB5}"
EndProject
Project("{2150E333-8FDC-42A3-9474-1A3956D46DE8}") = "Basket", "Basket", "{9C6E5F10-F5AA-4E1B-A549-A60D1CAC614F}"
EndProject
Project("{FAE04EC0-301F-11D3-BF4B-00C04F79EFBC}") = "Basket.API", "Services\Basket\Basket.API\Basket.API.csproj", "{B7046EA6-F47E-4422-B288-D4CBAC940E48}"
EndProject
Project("{2150E333-8FDC-42A3-9474-1A3956D46DE8}") = "Discount", "Discount", "{02EA681E-C7D8-13C7-8484-4AC65E1B71E8}"
EndProject
Project("{FAE04EC0-301F-11D3-BF4B-00C04F79EFBC}") = "Discount.Grpc", "Services\Discount\Discount.Grpc\Discount.Grpc\Discount.Grpc.csproj", "{5D6FE468-9F4B-4C79-BA64-F7DD00E1CBA0}"
EndProject
Project("{2150E333-8FDC-42A3-9474-1A3956D46DE8}") = "Ordering", "Ordering", "{7BD4860C-DB4A-4BD9-A93E-0D14A6C6E1E1}"
EndProject
Project("{FAE04EC0-301F-11D3-BF4B-00C04F79EFBC}") = "Ordering.Domain", "Services\Ordering\Ordering.Domain\Ordering.Domain.csproj", "{B72C55BC-AF4D-4D06-85E7-2C532124AC8A}"
EndProject
Project("{FAE04EC0-301F-11D3-BF4B-00C04F79EFBC}") = "Ordering.API", "Services\Ordering\Ordering.API\Ordering.API.csproj", "{C2EB9127-81BB-40D4-9D53-CA06E5827602}"
EndProject
Project("{FAE04EC0-301F-11D3-BF4B-00C04F79EFBC}") = "Ordering.Aplication", "Services\Ordering\Ordering.Aplication\Ordering.Aplication.csproj", "{28A8BA1C-7C6D-4B74-96C6-4ECC7C8FCCB6}"
EndProject
Project("{FAE04EC0-301F-11D3-BF4B-00C04F79EFBC}") = "Ordering.infrastructure", "Services\Ordering\Ordering.infrastructure\Ordering.infrastructure.csproj", "{8100139A-DFD5-409E-80CF-6CE36955BF36}"
EndProject
Global
	GlobalSection(SolutionConfigurationPlatforms) = preSolution
		Debug|Any CPU = Debug|Any CPU
		Release|Any CPU = Release|Any CPU
	EndGlobalSection
	GlobalSection(ProjectConfigurationPlatforms) = postSolution
		{19A99AD2-5760-4005-BE24-654BF7D04799}.Debug|Any CPU.ActiveCfg = Debug|Any CPU
		{19A99AD2-5760-4005-BE24-654BF7D04799}.Debug|Any CPU.Build.0 = Debug|Any CPU
		{19A99AD2-5760-4005-BE24-654BF7D04799}.Release|Any CPU.ActiveCfg = Release|Any CPU
		{19A99AD2-5760-4005-BE24-654BF7D04799}.Release|Any CPU.Build.0 = Release|Any CPU
		{7080E61D-F8C6-4200-B3C5-BC37324F4CB5}.Debug|Any CPU.ActiveCfg = Debug|Any CPU
		{7080E61D-F8C6-4200-B3C5-BC37324F4CB5}.Debug|Any CPU.Build.0 = Debug|Any CPU
		{7080E61D-F8C6-4200-B3C5-BC37324F4CB5}.Release|Any CPU.ActiveCfg = Release|Any CPU
		{7080E61D-F8C6-4200-B3C5-BC37324F4CB5}.Release|Any CPU.Build.0 = Release|Any CPU
		{B7046EA6-F47E-4422-B288-D4CBAC940E48}.Debug|Any CPU.ActiveCfg = Debug|Any CPU
		{B7046EA6-F47E-4422-B288-D4CBAC940E48}.Debug|Any CPU.Build.0 = Debug|Any CPU
		{B7046EA6-F47E-4422-B288-D4CBAC940E48}.Release|Any CPU.ActiveCfg = Release|Any CPU
		{B7046EA6-F47E-4422-B288-D4CBAC940E48}.Release|Any CPU.Build.0 = Release|Any CPU
		{5D6FE468-9F4B-4C79-BA64-F7DD00E1CBA0}.Debug|Any CPU.ActiveCfg = Debug|Any CPU
		{5D6FE468-9F4B-4C79-BA64-F7DD00E1CBA0}.Debug|Any CPU.Build.0 = Debug|Any CPU
		{5D6FE468-9F4B-4C79-BA64-F7DD00E1CBA0}.Release|Any CPU.ActiveCfg = Release|Any CPU
		{5D6FE468-9F4B-4C79-BA64-F7DD00E1CBA0}.Release|Any CPU.Build.0 = Release|Any CPU
		{B72C55BC-AF4D-4D06-85E7-2C532124AC8A}.Debug|Any CPU.ActiveCfg = Debug|Any CPU
		{B72C55BC-AF4D-4D06-85E7-2C532124AC8A}.Debug|Any CPU.Build.0 = Debug|Any CPU
		{B72C55BC-AF4D-4D06-85E7-2C532124AC8A}.Release|Any CPU.ActiveCfg = Release|Any CPU
		{B72C55BC-AF4D-4D06-85E7-2C532124AC8A}.Release|Any CPU.Build.0 = Release|Any CPU
		{C2EB9127-81BB-40D4-9D53-CA06E5827602}.Debug|Any CPU.ActiveCfg = Debug|Any CPU
		{C2EB9127-81BB-40D4-9D53-CA06E5827602}.Debug|Any CPU.Build.0 = Debug|Any CPU
		{C2EB9127-81BB-40D4-9D53-CA06E5827602}.Release|Any CPU.ActiveCfg = Release|Any CPU
		{C2EB9127-81BB-40D4-9D53-CA06E5827602}.Release|Any CPU.Build.0 = Release|Any CPU
		{28A8BA1C-7C6D-4B74-96C6-4ECC7C8FCCB6}.Debug|Any CPU.ActiveCfg = Debug|Any CPU
		{28A8BA1C-7C6D-4B74-96C6-4ECC7C8FCCB6}.Debug|Any CPU.Build.0 = Debug|Any CPU
		{28A8BA1C-7C6D-4B74-96C6-4ECC7C8FCCB6}.Release|Any CPU.ActiveCfg = Release|Any CPU
		{28A8BA1C-7C6D-4B74-96C6-4ECC7C8FCCB6}.Release|Any CPU.Build.0 = Release|Any CPU
		{8100139A-DFD5-409E-80CF-6CE36955BF36}.Debug|Any CPU.ActiveCfg = Debug|Any CPU
		{8100139A-DFD5-409E-80CF-6CE36955BF36}.Debug|Any CPU.Build.0 = Debug|Any CPU
		{8100139A-DFD5-409E-80CF-6CE36955BF36}.Release|Any CPU.ActiveCfg = Release|Any CPU
		{8100139A-DFD5-409E-80CF-6CE36955BF36}.Release|Any CPU.Build.0 = Release|Any CPU
	EndGlobalSection
	GlobalSection(SolutionProperties) = preSolution
		HideSolutionNode = FALSE
	EndGlobalSection
	GlobalSection(NestedProjects) = preSolution
		{C6EA7235-F56E-4BB6-8835-391C95A2FA46} = {EBDA0B98-DD7F-48F6-B213-FE422A91D963}
		{19A99AD2-5760-4005-BE24-654BF7D04799} = {C6EA7235-F56E-4BB6-8835-391C95A2FA46}
		{7080E61D-F8C6-4200-B3C5-BC37324F4CB5} = {5F075ED0-D06A-4BAC-9050-851688652DE5}
		{9C6E5F10-F5AA-4E1B-A549-A60D1CAC614F} = {EBDA0B98-DD7F-48F6-B213-FE422A91D963}
		{B7046EA6-F47E-4422-B288-D4CBAC940E48} = {9C6E5F10-F5AA-4E1B-A549-A60D1CAC614F}
		{02EA681E-C7D8-13C7-8484-4AC65E1B71E8} = {EBDA0B98-DD7F-48F6-B213-FE422A91D963}
		{5D6FE468-9F4B-4C79-BA64-F7DD00E1CBA0} = {02EA681E-C7D8-13C7-8484-4AC65E1B71E8}
		{7BD4860C-DB4A-4BD9-A93E-0D14A6C6E1E1} = {EBDA0B98-DD7F-48F6-B213-FE422A91D963}
		{B72C55BC-AF4D-4D06-85E7-2C532124AC8A} = {7BD4860C-DB4A-4BD9-A93E-0D14A6C6E1E1}
		{C2EB9127-81BB-40D4-9D53-CA06E5827602} = {7BD4860C-DB4A-4BD9-A93E-0D14A6C6E1E1}
		{28A8BA1C-7C6D-4B74-96C6-4ECC7C8FCCB6} = {7BD4860C-DB4A-4BD9-A93E-0D14A6C6E1E1}
		{8100139A-DFD5-409E-80CF-6CE36955BF36} = {7BD4860C-DB4A-4BD9-A93E-0D14A6C6E1E1}
	EndGlobalSection
	GlobalSection(ExtensibilityGlobals) = postSolution
		SolutionGuid = {036B5ECE-4B84-4EBF-B4C3-4D8CEF82E9EF}
	EndGlobalSection
EndGlobal
